
Microsoft Visual Studio Solution File, Format Version 12.00
# Visual Studio Version 17
VisualStudioVersion = 17.6.33829.357
MinimumVisualStudioVersion = 10.0.40219.1
Project("{FAE04EC0-301F-11D3-BF4B-00C04F79EFBC}") = "OnlineShoppingCore", "OnlineShoppingCore\OnlineShoppingCore.csproj", "{C379EC75-5F94-43C7-BC86-68AD2789DE0B}"
EndProject
Project("{FAE04EC0-301F-11D3-BF4B-00C04F79EFBC}") = "OnlineShoppingCoreBLL", "OnlineShoppingCoreBLL\OnlineShoppingCoreBLL.csproj", "{F3C985FB-6387-44C7-A415-575FBAB5243B}"
EndProject
Project("{FAE04EC0-301F-11D3-BF4B-00C04F79EFBC}") = "OnlineShoppingCoreDAL", "OnlineShoppingCoreDAL\OnlineShoppingCoreDAL.csproj", "{ACBEF13A-F970-4291-AD70-BF38A61F9684}"
EndProject
Project("{FAE04EC0-301F-11D3-BF4B-00C04F79EFBC}") = "OnlineShoppingCoreEntity", "OnlineShoppingCoreEntity\OnlineShoppingCoreEntity.csproj", "{AA25D451-9BF2-489A-8375-EE50795F264A}"
EndProject
Global
	GlobalSection(SolutionConfigurationPlatforms) = preSolution
		Debug|Any CPU = Debug|Any CPU
		Release|Any CPU = Release|Any CPU
	EndGlobalSection
	GlobalSection(ProjectConfigurationPlatforms) = postSolution
		{C379EC75-5F94-43C7-BC86-68AD2789DE0B}.Debug|Any CPU.ActiveCfg = Debug|Any CPU
		{C379EC75-5F94-43C7-BC86-68AD2789DE0B}.Debug|Any CPU.Build.0 = Debug|Any CPU
		{C379EC75-5F94-43C7-BC86-68AD2789DE0B}.Release|Any CPU.ActiveCfg = Release|Any CPU
		{C379EC75-5F94-43C7-BC86-68AD2789DE0B}.Release|Any CPU.Build.0 = Release|Any CPU
		{F3C985FB-6387-44C7-A415-575FBAB5243B}.Debug|Any CPU.ActiveCfg = Debug|Any CPU
		{F3C985FB-6387-44C7-A415-575FBAB5243B}.Debug|Any CPU.Build.0 = Debug|Any CPU
		{F3C985FB-6387-44C7-A415-575FBAB5243B}.Release|Any CPU.ActiveCfg = Release|Any CPU
		{F3C985FB-6387-44C7-A415-575FBAB5243B}.Release|Any CPU.Build.0 = Release|Any CPU
		{ACBEF13A-F970-4291-AD70-BF38A61F9684}.Debug|Any CPU.ActiveCfg = Debug|Any CPU
		{ACBEF13A-F970-4291-AD70-BF38A61F9684}.Debug|Any CPU.Build.0 = Debug|Any CPU
		{ACBEF13A-F970-4291-AD70-BF38A61F9684}.Release|Any CPU.ActiveCfg = Release|Any CPU
		{ACBEF13A-F970-4291-AD70-BF38A61F9684}.Release|Any CPU.Build.0 = Release|Any CPU
		{AA25D451-9BF2-489A-8375-EE50795F264A}.Debug|Any CPU.ActiveCfg = Debug|Any CPU
		{AA25D451-9BF2-489A-8375-EE50795F264A}.Debug|Any CPU.Build.0 = Debug|Any CPU
		{AA25D451-9BF2-489A-8375-EE50795F264A}.Release|Any CPU.ActiveCfg = Release|Any CPU
		{AA25D451-9BF2-489A-8375-EE50795F264A}.Release|Any CPU.Build.0 = Release|Any CPU
	EndGlobalSection
	GlobalSection(SolutionProperties) = preSolution
		HideSolutionNode = FALSE
	EndGlobalSection
	GlobalSection(ExtensibilityGlobals) = postSolution
		SolutionGuid = {7F1AC238-F4BF-43EE-A774-21D7282BA69A}
	EndGlobalSection
EndGlobal
